Microsoft Visual Studio Solution File, Format Version 12.00
# Visual Studio Version 17
VisualStudioVersion = 17.5.2.0
MinimumVisualStudioVersion = 10.0.40219.1
Project("{FAE04EC0-301F-11D3-BF4B-00C04F79EFBC}") = "KandangMobil", "KandangMobil.csproj", "{52C62538-BF44-307D-0881-084F3BE6F41B}"
EndProject
Global
	GlobalSection(SolutionConfigurationPlatforms) = preSolution
		Debug|Any CPU = Debug|Any CPU
		Release|Any CPU = Release|Any CPU
	EndGlobalSection
	GlobalSection(ProjectConfigurationPlatforms) = postSolution
		{52C62538-BF44-307D-0881-084F3BE6F41B}.Debug|Any CPU.ActiveCfg = Debug|Any CPU
		{52C62538-BF44-307D-0881-084F3BE6F41B}.Debug|Any CPU.Build.0 = Debug|Any CPU
		{52C62538-BF44-307D-0881-084F3BE6F41B}.Release|Any CPU.ActiveCfg = Release|Any CPU
		{52C62538-BF44-307D-0881-084F3BE6F41B}.Release|Any CPU.Build.0 = Release|Any CPU
	EndGlobalSection
	GlobalSection(SolutionProperties) = preSolution
		HideSolutionNode = FALSE
	EndGlobalSection
	GlobalSection(ExtensibilityGlobals) = postSolution
		SolutionGuid = {0AC0318F-4FC0-4B16-BF12-8E658FDA4619}
	EndGlobalSection
EndGlobal
